
Microsoft Visual Studio Solution File, Format Version 12.00
# Visual Studio Version 17
VisualStudioVersion = 17.0.31903.59
MinimumVisualStudioVersion = 10.0.40219.1
Project("{2150E333-8FDC-42A3-9474-1A3956D46DE8}") = "src", "src", "{B554188A-DA53-4324-B748-D5B1BB229556}"
EndProject
Project("{2150E333-8FDC-42A3-9474-1A3956D46DE8}") = "tests", "tests", "{4473E773-9979-4507-9E2A-D6B29746AFA8}"
EndProject
Project("{9A19103F-16F7-4668-BE54-9A1E7A4F7556}") = "Isatays.CleanMinimalApi.Api", "Isatays.CleanMinimalApi.Api\Isatays.CleanMinimalApi.Api.csproj", "{091AB079-8944-44C8-8D72-3E515330E85F}"
EndProject
Project("{9A19103F-16F7-4668-BE54-9A1E7A4F7556}") = "Isatays.CleanMinimalApi.Core", "Isatays.CleanMinimalApi.Core\Isatays.CleanMinimalApi.Core.csproj", "{C76AE437-2EF2-46B6-86B5-2D5D9096469E}"
EndProject
Project("{9A19103F-16F7-4668-BE54-9A1E7A4F7556}") = "Isatays.CleanMinimalApi.Infrastructure", "Isatays.CleanMinimalApi.Infrastructure\Isatays.CleanMinimalApi.Infrastructure.csproj", "{D6915913-E68A-40CE-874B-05186F02FD9D}"
EndProject
Project("{2150E333-8FDC-42A3-9474-1A3956D46DE8}") = "samples", "samples", "{AEBA9CEF-9C36-4CBD-99C3-CE5F5FE1D4A9}"
EndProject
Project("{FAE04EC0-301F-11D3-BF4B-00C04F79EFBC}") = "MessageQueueConsumer", "MessageQueueConsumer\MessageQueueConsumer.csproj", "{6F5FD2B7-80F7-464F-8F3E-184179F1EA4F}"
EndProject
Project("{FAE04EC0-301F-11D3-BF4B-00C04F79EFBC}") = "MessageQueueConsoleApp", "MessageQueueConsoleApp\MessageQueueConsoleApp.csproj", "{0337887A-7CCA-429D-AC4E-FE84162E1E59}"
EndProject
Global
	GlobalSection(SolutionConfigurationPlatforms) = preSolution
		Debug|Any CPU = Debug|Any CPU
		Release|Any CPU = Release|Any CPU
	EndGlobalSection
	GlobalSection(ProjectConfigurationPlatforms) = postSolution
		{091AB079-8944-44C8-8D72-3E515330E85F}.Debug|Any CPU.ActiveCfg = Debug|Any CPU
		{091AB079-8944-44C8-8D72-3E515330E85F}.Debug|Any CPU.Build.0 = Debug|Any CPU
		{091AB079-8944-44C8-8D72-3E515330E85F}.Release|Any CPU.ActiveCfg = Release|Any CPU
		{091AB079-8944-44C8-8D72-3E515330E85F}.Release|Any CPU.Build.0 = Release|Any CPU
		{C76AE437-2EF2-46B6-86B5-2D5D9096469E}.Debug|Any CPU.ActiveCfg = Debug|Any CPU
		{C76AE437-2EF2-46B6-86B5-2D5D9096469E}.Debug|Any CPU.Build.0 = Debug|Any CPU
		{C76AE437-2EF2-46B6-86B5-2D5D9096469E}.Release|Any CPU.ActiveCfg = Release|Any CPU
		{C76AE437-2EF2-46B6-86B5-2D5D9096469E}.Release|Any CPU.Build.0 = Release|Any CPU
		{D6915913-E68A-40CE-874B-05186F02FD9D}.Debug|Any CPU.ActiveCfg = Debug|Any CPU
		{D6915913-E68A-40CE-874B-05186F02FD9D}.Debug|Any CPU.Build.0 = Debug|Any CPU
		{D6915913-E68A-40CE-874B-05186F02FD9D}.Release|Any CPU.ActiveCfg = Release|Any CPU
		{D6915913-E68A-40CE-874B-05186F02FD9D}.Release|Any CPU.Build.0 = Release|Any CPU
		{6F5FD2B7-80F7-464F-8F3E-184179F1EA4F}.Debug|Any CPU.ActiveCfg = Debug|Any CPU
		{6F5FD2B7-80F7-464F-8F3E-184179F1EA4F}.Debug|Any CPU.Build.0 = Debug|Any CPU
		{6F5FD2B7-80F7-464F-8F3E-184179F1EA4F}.Release|Any CPU.ActiveCfg = Release|Any CPU
		{6F5FD2B7-80F7-464F-8F3E-184179F1EA4F}.Release|Any CPU.Build.0 = Release|Any CPU
		{0337887A-7CCA-429D-AC4E-FE84162E1E59}.Debug|Any CPU.ActiveCfg = Debug|Any CPU
		{0337887A-7CCA-429D-AC4E-FE84162E1E59}.Debug|Any CPU.Build.0 = Debug|Any CPU
		{0337887A-7CCA-429D-AC4E-FE84162E1E59}.Release|Any CPU.ActiveCfg = Release|Any CPU
		{0337887A-7CCA-429D-AC4E-FE84162E1E59}.Release|Any CPU.Build.0 = Release|Any CPU
	EndGlobalSection
	GlobalSection(SolutionProperties) = preSolution
		HideSolutionNode = FALSE
	EndGlobalSection
	GlobalSection(NestedProjects) = preSolution
		{091AB079-8944-44C8-8D72-3E515330E85F} = {B554188A-DA53-4324-B748-D5B1BB229556}
		{C76AE437-2EF2-46B6-86B5-2D5D9096469E} = {B554188A-DA53-4324-B748-D5B1BB229556}
		{D6915913-E68A-40CE-874B-05186F02FD9D} = {B554188A-DA53-4324-B748-D5B1BB229556}
		{6F5FD2B7-80F7-464F-8F3E-184179F1EA4F} = {AEBA9CEF-9C36-4CBD-99C3-CE5F5FE1D4A9}
		{0337887A-7CCA-429D-AC4E-FE84162E1E59} = {AEBA9CEF-9C36-4CBD-99C3-CE5F5FE1D4A9}
	EndGlobalSection
	GlobalSection(ExtensibilityGlobals) = postSolution
		SolutionGuid = {8CAF2422-0B38-43BE-9F48-7D19050E1831}
	EndGlobalSection
EndGlobal
